// !$*UTF8*$!
{
	archiveVersion = 1;
	classes = {
	};
	objectVersion = 50;
	objects = {

/* Begin PBXBuildFile section */
		18E7D95123CE62C800BBDBAE /* AppDelegate.swift in Sources */ = {isa = PBXBuildFile; fileRef = 18E7D95023CE62C800BBDBAE /* AppDelegate.swift */; };
		18E7D95323CE62C800BBDBAE /* SceneDelegate.swift in Sources */ = {isa = PBXBuildFile; fileRef = 18E7D95223CE62C800BBDBAE /* SceneDelegate.swift */; };
		18E7D95523CE62C800BBDBAE /* ViewController.swift in Sources */ = {isa = PBXBuildFile; fileRef = 18E7D95423CE62C800BBDBAE /* ViewController.swift */; };
		18E7D95823CE62C800BBDBAE /* Main.storyboard in Resources */ = {isa = PBXBuildFile; fileRef = 18E7D95623CE62C800BBDBAE /* Main.storyboard */; };
		18E7D95B23CE62C800BBDBAE /* C0773774Assignment1.xcdatamodeld in Sources */ = {isa = PBXBuildFile; fileRef = 18E7D95923CE62C800BBDBAE /* C0773774Assignment1.xcdatamodeld */; };
		18E7D95D23CE62E800BBDBAE /* Assets.xcassets in Resources */ = {isa = PBXBuildFile; fileRef = 18E7D95C23CE62E800BBDBAE /* Assets.xcassets */; };
		18E7D96023CE62E800BBDBAE /* LaunchScreen.storyboard in Resources */ = {isa = PBXBuildFile; fileRef = 18E7D95E23CE62E800BBDBAE /* LaunchScreen.storyboard */; };
/* End PBXBuildFile section */

/* Begin PBXFileReference section */
		18E7D94D23CE62C700BBDBAE /* C0773774Assignment1.app */ = {isa = PBXFileReference; explicitFileType = wrapper.application; includeInIndex = 0; path = C0773774Assignment1.app; sourceTree = BUILT_PRODUCTS_DIR; };
		18E7D95023CE62C800BBDBAE /* AppDelegate.swift */ = {isa = PBXFileReference; lastKnownFileType = sourcecode.swift; path = AppDelegate.swift; sourceTree = "<group>"; };
		18E7D95223CE62C800BBDBAE /* SceneDelegate.swift */ = {isa = PBXFileReference; lastKnownFileType = sourcecode.swift; path = SceneDelegate.swift; sourceTree = "<group>"; };
		18E7D95423CE62C800BBDBAE /* ViewController.swift */ = {isa = PBXFileReference; lastKnownFileType = sourcecode.swift; path = ViewController.swift; sourceTree = "<group>"; };
		18E7D95723CE62C800BBDBAE /* Base */ = {isa = PBXFileReference; lastKnownFileType = file.storyboard; name = Base; path = Base.lproj/Main.storyboard; sourceTree = "<group>"; };
		18E7D95A23CE62C800BBDBAE /* C0773774Assignment1.xcdatamodel */ = {isa = PBXFileReference; lastKnownFileType = wrapper.xcdatamodel; path = C0773774Assignment1.xcdatamodel; sourceTree = "<group>"; };
		18E7D95C23CE62E800BBDBAE /* Assets.xcassets */ = {isa = PBXFileReference; lastKnownFileType = folder.assetcatalog; path = Assets.xcassets; sourceTree = "<group>"; };
		18E7D95F23CE62E800BBDBAE /* Base */ = {isa = PBXFileReference; lastKnownFileType = file.storyboard; name = Base; path = Base.lproj/LaunchScreen.storyboard; sourceTree = "<group>"; };
		18E7D96123CE62E800BBDBAE /* Info.plist */ = {isa = PBXFileReference; lastKnownFileType = text.plist.xml; path = Info.plist; sourceTree = "<group>"; };
/* End PBXFileReference section */

/* Begin PBXFrameworksBuildPhase section */
		18E7D94A23CE62C700BBDBAE /* Frameworks */ = {
			isa = PBXFrameworksBuildPhase;
			buildActionMask = 2147483647;
			files = (
			);
			runOnlyForDeploymentPostprocessing = 0;
		};
/* End PBXFrameworksBuildPhase section */

/* Begin PBXGroup section */
		18E7D94423CE62C700BBDBAE = {
			isa = PBXGroup;
			children = (
				18E7D94F23CE62C700BBDBAE /* C0773774Assignment1 */,
				18E7D94E23CE62C700BBDBAE /* Products */,
			);
			sourceTree = "<group>";
		};
		18E7D94E23CE62C700BBDBAE /* Products */ = {
			isa = PBXGroup;
			children = (
				18E7D94D23CE62C700BBDBAE /* C0773774Assignment1.app */,
			);
			name = Products;
			sourceTree = "<group>";
		};
		18E7D94F23CE62C700BBDBAE /* C0773774Assignment1 */ = {
			isa = PBXGroup;
			children = (
				18E7D95023CE62C800BBDBAE /* AppDelegate.swift */,
				18E7D95223CE62C800BBDBAE /* SceneDelegate.swift */,
				18E7D95423CE62C800BBDBAE /* ViewController.swift */,
				18E7D95623CE62C800BBDBAE /* Main.storyboard */,
				18E7D95C23CE62E800BBDBAE /* Assets.xcassets */,
				18E7D95E23CE62E800BBDBAE /* LaunchScreen.storyboard */,
				18E7D96123CE62E800BBDBAE /* Info.plist */,
				18E7D95923CE62C800BBDBAE /* C0773774Assignment1.xcdatamodeld */,
			);
			path = C0773774Assignment1;
			sourceTree = "<group>";
		};
/* End PBXGroup section */

/* Begin PBXNativeTarget section */
		18E7D94C23CE62C700BBDBAE /* C0773774Assignment1 */ = {
			isa = PBXNativeTarget;
			buildConfigurationList = 18E7D96423CE62E800BBDBAE /* Build configuration list for PBXNativeTarget "C0773774Assignment1" */;
			buildPhases = (
				18E7D94923CE62C700BBDBAE /* Sources */,
				18E7D94A23CE62C700BBDBAE /* Frameworks */,
				18E7D94B23CE62C700BBDBAE /* Resources */,
			);
			buildRules = (
			);
			dependencies = (
			);
			name = C0773774Assignment1;
			productName = C0773774Assignment1;
			productReference = 18E7D94D23CE62C700BBDBAE /* C0773774Assignment1.app */;
			productType = "com.apple.product-type.application";
		};
/* End PBXNativeTarget section */

/* Begin PBXProject section */
		18E7D94523CE62C700BBDBAE /* Project object */ = {
			isa = PBXProject;
			attributes = {
				LastSwiftUpdateCheck = 1130;
				LastUpgradeCheck = 1130;
				ORGANIZATIONNAME = Apple;
				TargetAttributes = {
					18E7D94C23CE62C700BBDBAE = {
						CreatedOnToolsVersion = 11.3;
					};
				};
			};
			buildConfigurationList = 18E7D94823CE62C700BBDBAE /* Build configuration list for PBXProject "C0773774Assignment1" */;
			compatibilityVersion = "Xcode 9.3";
			developmentRegion = en;
			hasScannedForEncodings = 0;
			knownRegions = (
				en,
				Base,
			);
			mainGroup = 18E7D94423CE62C700BBDBAE;
			productRefGroup = 18E7D94E23CE62C700BBDBAE /* Products */;
			projectDirPath = "";
			projectRoot = "";
			targets = (
				18E7D94C23CE62C700BBDBAE /* C0773774Assignment1 */,
			);
		};
/* End PBXProject section */

/* Begin PBXResourcesBuildPhase section */
		18E7D94B23CE62C700BBDBAE /* Resources */ = {
			isa = PBXResourcesBuildPhase;
			buildActionMask = 2147483647;
			files = (
				18E7D96023CE62E800BBDBAE /* LaunchScreen.storyboard in Resources */,
				18E7D95D23CE62E800BBDBAE /* Assets.xcassets in Resources */,
				18E7D95823CE62C800BBDBAE /* Main.storyboard in Resources */,
			);
			runOnlyForDeploymentPostprocessing = 0;
		};
/* End PBXResourcesBuildPhase section */

/* Begin PBXSourcesBuildPhase section */
		18E7D94923CE62C700BBDBAE /* Sources */ = {
			isa = PBXSourcesBuildPhase;
			buildActionMask = 2147483647;
			files = (
				18E7D95B23CE62C800BBDBAE /* C0773774Assignment1.xcdatamodeld in Sources */,
				18E7D95523CE62C800BBDBAE /* ViewController.swift in Sources */,
				18E7D95123CE62C800BBDBAE /* AppDelegate.swift in Sources */,
				18E7D95323CE62C800BBDBAE /* SceneDelegate.swift in Sources */,
			);
			runOnlyForDeploymentPostprocessing = 0;
		};
/* End PBXSourcesBuildPhase section */

/* Begin PBXVariantGroup section */
		18E7D95623CE62C800BBDBAE /* Main.storyboard */ = {
			isa = PBXVariantGroup;
			children = (
				18E7D95723CE62C800BBDBAE /* Base */,
			);
			name = Main.storyboard;
			sourceTree = "<group>";
		};
		18E7D95E23CE62E800BBDBAE /* LaunchScreen.storyboard */ = {
			isa = PBXVariantGroup;
			children = (
				18E7D95F23CE62E800BBDBAE /* Base */,
			);
			name = LaunchScreen.storyboard;
			sourceTree = "<group>";
		};
/* End PBXVariantGroup section */

/* Begin XCBuildConfiguration section */
		18E7D96223CE62E800BBDBAE /* Debug */ = {
			isa = XCBuildConfiguration;
			buildSettings = {
				ALWAYS_SEARCH_USER_PATHS = NO;
				CLANG_ANALYZER_NONNULL = YES;
				CLANG_ANALYZER_NUMBER_OBJECT_CONVERSION = YES_AGGRESSIVE;
				CLANG_CXX_LANGUAGE_STANDARD = "gnu++14";
				CLANG_CXX_LIBRARY = "libc++";
				CLANG_ENABLE_MODULES = YES;
				CLANG_ENABLE_OBJC_ARC = YES;
				CLANG_ENABLE_OBJC_WEAK = YES;
				CLANG_WARN_BLOCK_CAPTURE_AUTORELEASING = YES;
				CLANG_WARN_BOOL_CONVERSION = YES;
				CLANG_WARN_COMMA = YES;
				CLANG_WARN_CONSTANT_CONVERSION = YES;
				CLANG_WARN_DEPRECATED_OBJC_IMPLEMENTATIONS = YES;
				CLANG_WARN_DIRECT_OBJC_ISA_USAGE = YES_ERROR;
				CLANG_WARN_DOCUMENTATION_COMMENTS = YES;
				CLANG_WARN_EMPTY_BODY = YES;
				CLANG_WARN_ENUM_CONVERSION = YES;
				CLANG_WARN_INFINITE_RECURSION = YES;
				CLANG_WARN_INT_CONVERSION = YES;
				CLANG_WARN_NON_LITERAL_NULL_CONVERSION = YES;
				CLANG_WARN_OBJC_IMPLICIT_RETAIN_SELF = YES;
				CLANG_WARN_OBJC_LITERAL_CONVERSION = YES;
				CLANG_WARN_OBJC_ROOT_CLASS = YES_ERROR;
				CLANG_WARN_RANGE_LOOP_ANALYSIS = YES;
				CLANG_WARN_STRICT_PROTOTYPES = YES;
				CLANG_WARN_SUSPICIOUS_MOVE = YES;
				CLANG_WARN_UNGUARDED_AVAILABILITY = YES_AGGRESSIVE;
				CLANG_WARN_UNREACHABLE_CODE = YES;
				CLANG_WARN__DUPLICATE_METHOD_MATCH = YES;
				COPY_PHASE_STRIP = NO;
				DEBUG_INFORMATION_FORMAT = dwarf;
				ENABLE_STRICT_OBJC_MSGSEND = YES;
				ENABLE_TESTABILITY = YES;
				GCC_C_LANGUAGE_STANDARD = gnu11;
				GCC_DYNAMIC_NO_PIC = NO;
				GCC_NO_COMMON_BLOCKS = YES;
				GCC_OPTIMIZATION_LEVEL = 0;
				GCC_PREPROCESSOR_DEFINITIONS = (
					"DEBUG=1",
					"$(inherited)",
				);
				GCC_WARN_64_TO_32_BIT_CONVERSION = YES;
				GCC_WARN_ABOUT_RETURN_TYPE = YES_ERROR;
				GCC_WARN_UNDECLARED_SELECTOR = YES;
				GCC_WARN_UNINITIALIZED_AUTOS = YES_AGGRESSIVE;
				GCC_WARN_UNUSED_FUNCTION = YES;
				GCC_WARN_UNUSED_VARIABLE = YES;
				IPHONEOS_DEPLOYMENT_TARGET = 13.2;
				MTL_ENABLE_DEBUG_INFO = INCLUDE_SOURCE;
				MTL_FAST_MATH = YES;
				ONLY_ACTIVE_ARCH = YES;
				SDKROOT = iphoneos;
				SWIFT_ACTIVE_COMPILATION_CONDITIONS = DEBUG;
				SWIFT_OPTIMIZATION_LEVEL = "-Onone";
			};
			name = Debug;
		};
		18E7D96323CE62E800BBDBAE /* Release */ = {
			isa = XCBuildConfiguration;
			buildSettings = {
				ALWAYS_SEARCH_USER_PATHS = NO;
				CLANG_ANALYZER_NONNULL = YES;
				CLANG_ANALYZER_NUMBER_OBJECT_CONVERSION = YES_AGGRESSIVE;
				CLANG_CXX_LANGUAGE_STANDARD = "gnu++14";
				CLANG_CXX_LIBRARY = "libc++";
				CLANG_ENABLE_MODULES = YES;
				CLANG_ENABLE_OBJC_ARC = YES;
				CLANG_ENABLE_OBJC_WEAK = YES;
				CLANG_WARN_BLOCK_CAPTURE_AUTORELEASING = YES;
				CLANG_WARN_BOOL_CONVERSION = YES;
				CLANG_WARN_COMMA = YES;
				CLANG_WARN_CONSTANT_CONVERSION = YES;
				CLANG_WARN_DEPRECATED_OBJC_IMPLEMENTATIONS = YES;
				CLANG_WARN_DIRECT_OBJC_ISA_USAGE = YES_ERROR;
				CLANG_WARN_DOCUMENTATION_COMMENTS = YES;
				CLANG_WARN_EMPTY_BODY = YES;
				CLANG_WARN_ENUM_CONVERSION = YES;
				CLANG_WARN_INFINITE_RECURSION = YES;
				CLANG_WARN_INT_CONVERSION = YES;
				CLANG_WARN_NON_LITERAL_NULL_CONVERSION = YES;
				CLANG_WARN_OBJC_IMPLICIT_RETAIN_SELF = YES;
				CLANG_WARN_OBJC_LITERAL_CONVERSION = YES;
				CLANG_WARN_OBJC_ROOT_CLASS = YES_ERROR;
				CLANG_WARN_RANGE_LOOP_ANALYSIS = YES;
				CLANG_WARN_STRICT_PROTOTYPES = YES;
				CLANG_WARN_SUSPICIOUS_MOVE = YES;
				CLANG_WARN_UNGUARDED_AVAILABILITY = YES_AGGRESSIVE;
				CLANG_WARN_UNREACHABLE_CODE = YES;
				CLANG_WARN__DUPLICATE_METHOD_MATCH = YES;
				COPY_PHASE_STRIP = NO;
				DEBUG_INFORMATION_FORMAT = "dwarf-with-dsym";
				ENABLE_NS_ASSERTIONS = NO;
				ENABLE_STRICT_OBJC_MSGSEND = YES;
				GCC_C_LANGUAGE_STANDARD = gnu11;
				GCC_NO_COMMON_BLOCKS = YES;
				GCC_WARN_64_TO_32_BIT_CONVERSION = YES;
				GCC_WARN_ABOUT_RETURN_TYPE = YES_ERROR;
				GCC_WARN_UNDECLARED_SELECTOR = YES;
				GCC_WARN_UNINITIALIZED_AUTOS = YES_AGGRESSIVE;
				GCC_WARN_UNUSED_FUNCTION = YES;
				GCC_WARN_UNUSED_VARIABLE = YES;
				IPHONEOS_DEPLOYMENT_TARGET = 13.2;
				MTL_ENABLE_DEBUG_INFO = NO;
				MTL_FAST_MATH = YES;
				SDKROOT = iphoneos;
				SWIFT_COMPILATION_MODE = wholemodule;
				SWIFT_OPTIMIZATION_LEVEL = "-O";
				VALIDATE_PRODUCT = YES;
			};
			name = Release;
		};
		18E7D96523CE62E800BBDBAE /* Debug */ = {
			isa = XCBuildConfiguration;
			buildSettings = {
				ASSETCATALOG_COMPILER_APPICON_NAME = AppIcon;
				CODE_SIGN_STYLE = Automatic;
				DEVELOPMENT_TEAM = ZZGNKKHCD7;
				INFOPLIST_FILE = C0773774Assignment1/Info.plist;
				LD_RUNPATH_SEARCH_PATHS = (
					"$(inherited)",
					"@executable_path/Frameworks",
				);
				PRODUCT_BUNDLE_IDENTIFIER = com.immenent.C0773774Assignment1;
				PRODUCT_NAME = "$(TARGET_NAME)";
				SWIFT_VERSION = 5.0;
				TARGETED_DEVICE_FAMILY = 1;
			};
			name = Debug;
		};
		18E7D96623CE62E800BBDBAE /* Release */ = {
			isa = XCBuildConfiguration;
			buildSettings = {
				ASSETCATALOG_COMPILER_APPICON_NAME = AppIcon;
				CODE_SIGN_STYLE = Automatic;
				DEVELOPMENT_TEAM = ZZGNKKHCD7;
				INFOPLIST_FILE = C0773774Assignment1/Info.plist;
				LD_RUNPATH_SEARCH_PATHS = (
					"$(inherited)",
					"@executable_path/Frameworks",
				);
				PRODUCT_BUNDLE_IDENTIFIER = com.immenent.C0773774Assignment1;
				PRODUCT_NAME = "$(TARGET_NAME)";
				SWIFT_VERSION = 5.0;
				TARGETED_DEVICE_FAMILY = 1;
			};
			name = Release;
		};
/* End XCBuildConfiguration section */

/* Begin XCConfigurationList section */
		18E7D94823CE62C700BBDBAE /* Build configuration list for PBXProject "C0773774Assignment1" */ = {
			isa = XCConfigurationList;
			buildConfigurations = (
				18E7D96223CE62E800BBDBAE /* Debug */,
				18E7D96323CE62E800BBDBAE /* Release */,
			);
			defaultConfigurationIsVisible = 0;
			defaultConfigurationName = Release;
		};
		18E7D96423CE62E800BBDBAE /* Build configuration list for PBXNativeTarget "C0773774Assignment1" */ = {
			isa = XCConfigurationList;
			buildConfigurations = (
				18E7D96523CE62E800BBDBAE /* Debug */,
				18E7D96623CE62E800BBDBAE /* Release */,
			);
			defaultConfigurationIsVisible = 0;
			defaultConfigurationName = Release;
		};
/* End XCConfigurationList section */

/* Begin XCVersionGroup section */
		18E7D95923CE62C800BBDBAE /* C0773774Assignment1.xcdatamodeld */ = {
			isa = XCVersionGroup;
			children = (
				18E7D95A23CE62C800BBDBAE /* C0773774Assignment1.xcdatamodel */,
			);
			currentVersion = 18E7D95A23CE62C800BBDBAE /* C0773774Assignment1.xcdatamodel */;
			path = C0773774Assignment1.xcdatamodeld;
			sourceTree = "<group>";
			versionGroupType = wrapper.xcdatamodel;
		};
/* End XCVersionGroup section */
	};
	rootObject = 18E7D94523CE62C700BBDBAE /* Project object */;
}
